
Microsoft Visual Studio Solution File, Format Version 12.00
# Visual Studio Version 17
VisualStudioVersion = 17.6.33829.357
MinimumVisualStudioVersion = 10.0.40219.1
Project("{9A19103F-16F7-4668-BE54-9A1E7A4F7556}") = "API", "WorthReads\API.csproj", "{39CA09A5-B672-4F07-8B12-31ACB1D48DC0}"
EndProject
Project("{9A19103F-16F7-4668-BE54-9A1E7A4F7556}") = "Domain", "WorthReads.API\Domain.csproj", "{4A5AB8FC-D9E2-4AC5-B929-579B0403E818}"
EndProject
Project("{9A19103F-16F7-4668-BE54-9A1E7A4F7556}") = "Application", "WorthReads.Application\Application.csproj", "{B100C77D-6C8B-4BF3-9260-BD4CDA2975A4}"
EndProject
Project("{9A19103F-16F7-4668-BE54-9A1E7A4F7556}") = "Contracts", "WorthReads.Contracts\Contracts.csproj", "{1B816C73-0BB3-43B6-B502-F43133BDB1DB}"
EndProject
Project("{2150E333-8FDC-42A3-9474-1A3956D46DE8}") = "Requests", "Requests", "{CAEF34B1-78BC-4278-9228-4096B4A45E4E}"
	ProjectSection(SolutionItems) = preProject
		PdfContainer.http = PdfContainer.http
		pocket.http = pocket.http
		Users.http = Users.http
	EndProjectSection
EndProject
Project("{9A19103F-16F7-4668-BE54-9A1E7A4F7556}") = "Infrastructure", "WorthReads.Infrastructure\Infrastructure.csproj", "{F24E4E0A-1C5A-42B2-9055-B00AF1334998}"
EndProject
Project("{2150E333-8FDC-42A3-9474-1A3956D46DE8}") = "Solution Items", "Solution Items", "{C37B3180-EB18-4D93-94A5-A45CE7C414DE}"
	ProjectSection(SolutionItems) = preProject
		ToDoText.txt = ToDoText.txt
	EndProjectSection
EndProject
Global
	GlobalSection(SolutionConfigurationPlatforms) = preSolution
		Debug|Any CPU = Debug|Any CPU
		Release|Any CPU = Release|Any CPU
	EndGlobalSection
	GlobalSection(ProjectConfigurationPlatforms) = postSolution
		{39CA09A5-B672-4F07-8B12-31ACB1D48DC0}.Debug|Any CPU.ActiveCfg = Debug|Any CPU
		{39CA09A5-B672-4F07-8B12-31ACB1D48DC0}.Debug|Any CPU.Build.0 = Debug|Any CPU
		{39CA09A5-B672-4F07-8B12-31ACB1D48DC0}.Release|Any CPU.ActiveCfg = Release|Any CPU
		{39CA09A5-B672-4F07-8B12-31ACB1D48DC0}.Release|Any CPU.Build.0 = Release|Any CPU
		{4A5AB8FC-D9E2-4AC5-B929-579B0403E818}.Debug|Any CPU.ActiveCfg = Debug|Any CPU
		{4A5AB8FC-D9E2-4AC5-B929-579B0403E818}.Debug|Any CPU.Build.0 = Debug|Any CPU
		{4A5AB8FC-D9E2-4AC5-B929-579B0403E818}.Release|Any CPU.ActiveCfg = Release|Any CPU
		{4A5AB8FC-D9E2-4AC5-B929-579B0403E818}.Release|Any CPU.Build.0 = Release|Any CPU
		{B100C77D-6C8B-4BF3-9260-BD4CDA2975A4}.Debug|Any CPU.ActiveCfg = Debug|Any CPU
		{B100C77D-6C8B-4BF3-9260-BD4CDA2975A4}.Debug|Any CPU.Build.0 = Debug|Any CPU
		{B100C77D-6C8B-4BF3-9260-BD4CDA2975A4}.Release|Any CPU.ActiveCfg = Release|Any CPU
		{B100C77D-6C8B-4BF3-9260-BD4CDA2975A4}.Release|Any CPU.Build.0 = Release|Any CPU
		{1B816C73-0BB3-43B6-B502-F43133BDB1DB}.Debug|Any CPU.ActiveCfg = Debug|Any CPU
		{1B816C73-0BB3-43B6-B502-F43133BDB1DB}.Debug|Any CPU.Build.0 = Debug|Any CPU
		{1B816C73-0BB3-43B6-B502-F43133BDB1DB}.Release|Any CPU.ActiveCfg = Release|Any CPU
		{1B816C73-0BB3-43B6-B502-F43133BDB1DB}.Release|Any CPU.Build.0 = Release|Any CPU
		{F24E4E0A-1C5A-42B2-9055-B00AF1334998}.Debug|Any CPU.ActiveCfg = Debug|Any CPU
		{F24E4E0A-1C5A-42B2-9055-B00AF1334998}.Debug|Any CPU.Build.0 = Debug|Any CPU
		{F24E4E0A-1C5A-42B2-9055-B00AF1334998}.Release|Any CPU.ActiveCfg = Release|Any CPU
		{F24E4E0A-1C5A-42B2-9055-B00AF1334998}.Release|Any CPU.Build.0 = Release|Any CPU
	EndGlobalSection
	GlobalSection(SolutionProperties) = preSolution
		HideSolutionNode = FALSE
	EndGlobalSection
	GlobalSection(ExtensibilityGlobals) = postSolution
		SolutionGuid = {A693C716-2227-4594-BDD8-423972C2A7A1}
	EndGlobalSection
EndGlobal
